// !$*UTF8*$!
{
	archiveVersion = 1;
	classes = {
	};
	objectVersion = 46;
	objects = {

/* Begin PBXBuildFile section */
		E518A3801E10AC81000B42F8 /* CollisionProcessor.cpp in Sources */ = {isa = PBXBuildFile; fileRef = E5FE5AAC1DF37C8200045DF6 /* CollisionProcessor.cpp */; };
		E563937D1E00A7C3007594AC /* UniformGrid.cpp in Sources */ = {isa = PBXBuildFile; fileRef = E563937B1E00A7C3007594AC /* UniformGrid.cpp */; };
		E5D6BF041DF0F2D500A6A603 /* main.cpp in Sources */ = {isa = PBXBuildFile; fileRef = E5D6BF031DF0F2D500A6A603 /* main.cpp */; };
		E5D6BF0E1DF0F30200A6A603 /* SDL2.framework in Frameworks */ = {isa = PBXBuildFile; fileRef = E5D6BF0D1DF0F30200A6A603 /* SDL2.framework */; };
		E5D6BF111DF13FEB00A6A603 /* RigidBody.cpp in Sources */ = {isa = PBXBuildFile; fileRef = E5D6BF0F1DF13FEB00A6A603 /* RigidBody.cpp */; };
		E5FE5AA61DF35F5D00045DF6 /* RigidBodySystem.cpp in Sources */ = {isa = PBXBuildFile; fileRef = E5FE5AA41DF35F5D00045DF6 /* RigidBodySystem.cpp */; };
		E5FE5AA91DF3662400045DF6 /* RigidBodySimulation.cpp in Sources */ = {isa = PBXBuildFile; fileRef = E5FE5AA71DF3662400045DF6 /* RigidBodySimulation.cpp */; };
		E5FE5AAB1DF3745700045DF6 /* OpenGL.framework in Frameworks */ = {isa = PBXBuildFile; fileRef = E5FE5AAA1DF3745700045DF6 /* OpenGL.framework */; };
/* End PBXBuildFile section */

/* Begin PBXCopyFilesBuildPhase section */
		E5D6BEFE1DF0F2D500A6A603 /* CopyFiles */ = {
			isa = PBXCopyFilesBuildPhase;
			buildActionMask = 2147483647;
			dstPath = /usr/share/man/man1/;
			dstSubfolderSpec = 0;
			files = (
			);
			runOnlyForDeploymentPostprocessing = 1;
		};
/* End PBXCopyFilesBuildPhase section */

/* Begin PBXFileReference section */
		E563937B1E00A7C3007594AC /* UniformGrid.cpp */ = {isa = PBXFileReference; fileEncoding = 4; lastKnownFileType = sourcecode.cpp.cpp; path = UniformGrid.cpp; sourceTree = "<group>"; };
		E563937C1E00A7C3007594AC /* UniformGrid.hpp */ = {isa = PBXFileReference; fileEncoding = 4; lastKnownFileType = sourcecode.cpp.h; path = UniformGrid.hpp; sourceTree = "<group>"; };
		E5D6BF001DF0F2D500A6A603 /* rigidbodysim */ = {isa = PBXFileReference; explicitFileType = "compiled.mach-o.executable"; includeInIndex = 0; path = rigidbodysim; sourceTree = BUILT_PRODUCTS_DIR; };
		E5D6BF031DF0F2D500A6A603 /* main.cpp */ = {isa = PBXFileReference; lastKnownFileType = sourcecode.cpp.cpp; path = main.cpp; sourceTree = "<group>"; };
		E5D6BF0B1DF0F2EF00A6A603 /* Frameworks */ = {isa = PBXFileReference; lastKnownFileType = folder; name = Frameworks; path = ../../../../../Library/Frameworks; sourceTree = "<group>"; };
		E5D6BF0D1DF0F30200A6A603 /* SDL2.framework */ = {isa = PBXFileReference; lastKnownFileType = wrapper.framework; name = SDL2.framework; path = ../../../../../Library/Frameworks/SDL2.framework; sourceTree = "<group>"; };
		E5D6BF0F1DF13FEB00A6A603 /* RigidBody.cpp */ = {isa = PBXFileReference; fileEncoding = 4; lastKnownFileType = sourcecode.cpp.cpp; path = RigidBody.cpp; sourceTree = "<group>"; };
		E5D6BF101DF13FEB00A6A603 /* RigidBody.hpp */ = {isa = PBXFileReference; fileEncoding = 4; lastKnownFileType = sourcecode.cpp.h; path = RigidBody.hpp; sourceTree = "<group>"; };
		E5D6BF121DF1459B00A6A603 /* Utils.h */ = {isa = PBXFileReference; lastKnownFileType = sourcecode.c.h; path = Utils.h; sourceTree = "<group>"; };
		E5FE5AA41DF35F5D00045DF6 /* RigidBodySystem.cpp */ = {isa = PBXFileReference; fileEncoding = 4; lastKnownFileType = sourcecode.cpp.cpp; path = RigidBodySystem.cpp; sourceTree = "<group>"; };
		E5FE5AA51DF35F5D00045DF6 /* RigidBodySystem.hpp */ = {isa = PBXFileReference; fileEncoding = 4; lastKnownFileType = sourcecode.cpp.h; path = RigidBodySystem.hpp; sourceTree = "<group>"; };
		E5FE5AA71DF3662400045DF6 /* RigidBodySimulation.cpp */ = {isa = PBXFileReference; fileEncoding = 4; lastKnownFileType = sourcecode.cpp.cpp; path = RigidBodySimulation.cpp; sourceTree = "<group>"; };
		E5FE5AA81DF3662400045DF6 /* RigidBodySimulation.hpp */ = {isa = PBXFileReference; fileEncoding = 4; lastKnownFileType = sourcecode.cpp.h; path = RigidBodySimulation.hpp; sourceTree = "<group>"; };
		E5FE5AAA1DF3745700045DF6 /* OpenGL.framework */ = {isa = PBXFileReference; lastKnownFileType = wrapper.framework; name = OpenGL.framework; path = System/Library/Frameworks/OpenGL.framework; sourceTree = SDKROOT; };
		E5FE5AAC1DF37C8200045DF6 /* CollisionProcessor.cpp */ = {isa = PBXFileReference; fileEncoding = 4; lastKnownFileType = sourcecode.cpp.cpp; path = CollisionProcessor.cpp; sourceTree = "<group>"; };
		E5FE5AAD1DF37C8200045DF6 /* CollisionProcessor.hpp */ = {isa = PBXFileReference; fileEncoding = 4; lastKnownFileType = sourcecode.cpp.h; path = CollisionProcessor.hpp; sourceTree = "<group>"; };
/* End PBXFileReference section */

/* Begin PBXFrameworksBuildPhase section */
		E5D6BEFD1DF0F2D500A6A603 /* Frameworks */ = {
			isa = PBXFrameworksBuildPhase;
			buildActionMask = 2147483647;
			files = (
				E5FE5AAB1DF3745700045DF6 /* OpenGL.framework in Frameworks */,
				E5D6BF0E1DF0F30200A6A603 /* SDL2.framework in Frameworks */,
			);
			runOnlyForDeploymentPostprocessing = 0;
		};
/* End PBXFrameworksBuildPhase section */

/* Begin PBXGroup section */
		E5D6BEF71DF0F2D500A6A603 = {
			isa = PBXGroup;
			children = (
				E5D6BF021DF0F2D500A6A603 /* rigidbodysim */,
				E5D6BF011DF0F2D500A6A603 /* Products */,
				E5D6BF0A1DF0F2EF00A6A603 /* Frameworks */,
			);
			sourceTree = "<group>";
		};
		E5D6BF011DF0F2D500A6A603 /* Products */ = {
			isa = PBXGroup;
			children = (
				E5D6BF001DF0F2D500A6A603 /* rigidbodysim */,
			);
			name = Products;
			sourceTree = "<group>";
		};
		E5D6BF021DF0F2D500A6A603 /* rigidbodysim */ = {
			isa = PBXGroup;
			children = (
				E5D6BF031DF0F2D500A6A603 /* main.cpp */,
				E5D6BF0F1DF13FEB00A6A603 /* RigidBody.cpp */,
				E5D6BF101DF13FEB00A6A603 /* RigidBody.hpp */,
				E5D6BF121DF1459B00A6A603 /* Utils.h */,
				E5FE5AA41DF35F5D00045DF6 /* RigidBodySystem.cpp */,
				E5FE5AA51DF35F5D00045DF6 /* RigidBodySystem.hpp */,
				E5FE5AA71DF3662400045DF6 /* RigidBodySimulation.cpp */,
				E5FE5AA81DF3662400045DF6 /* RigidBodySimulation.hpp */,
				E5FE5AAC1DF37C8200045DF6 /* CollisionProcessor.cpp */,
				E5FE5AAD1DF37C8200045DF6 /* CollisionProcessor.hpp */,
				E563937B1E00A7C3007594AC /* UniformGrid.cpp */,
				E563937C1E00A7C3007594AC /* UniformGrid.hpp */,
			);
			path = rigidbodysim;
			sourceTree = "<group>";
		};
		E5D6BF0A1DF0F2EF00A6A603 /* Frameworks */ = {
			isa = PBXGroup;
			children = (
				E5FE5AAA1DF3745700045DF6 /* OpenGL.framework */,
				E5D6BF0D1DF0F30200A6A603 /* SDL2.framework */,
				E5D6BF0B1DF0F2EF00A6A603 /* Frameworks */,
			);
			name = Frameworks;
			sourceTree = "<group>";
		};
/* End PBXGroup section */

/* Begin PBXNativeTarget section */
		E5D6BEFF1DF0F2D500A6A603 /* rigidbodysim */ = {
			isa = PBXNativeTarget;
			buildConfigurationList = E5D6BF071DF0F2D500A6A603 /* Build configuration list for PBXNativeTarget "rigidbodysim" */;
			buildPhases = (
				E5D6BEFC1DF0F2D500A6A603 /* Sources */,
				E5D6BEFD1DF0F2D500A6A603 /* Frameworks */,
				E5D6BEFE1DF0F2D500A6A603 /* CopyFiles */,
			);
			buildRules = (
			);
			dependencies = (
			);
			name = rigidbodysim;
			productName = rigidbodysim;
			productReference = E5D6BF001DF0F2D500A6A603 /* rigidbodysim */;
			productType = "com.apple.product-type.tool";
		};
/* End PBXNativeTarget section */

/* Begin PBXProject section */
		E5D6BEF81DF0F2D500A6A603 /* Project object */ = {
			isa = PBXProject;
			attributes = {
				LastUpgradeCheck = 0820;
				ORGANIZATIONNAME = "Edward Wang";
				TargetAttributes = {
					E5D6BEFF1DF0F2D500A6A603 = {
						CreatedOnToolsVersion = 8.1;
						ProvisioningStyle = Automatic;
					};
				};
			};
			buildConfigurationList = E5D6BEFB1DF0F2D500A6A603 /* Build configuration list for PBXProject "rigidbodysim" */;
			compatibilityVersion = "Xcode 3.2";
			developmentRegion = English;
			hasScannedForEncodings = 0;
			knownRegions = (
				en,
			);
			mainGroup = E5D6BEF71DF0F2D500A6A603;
			productRefGroup = E5D6BF011DF0F2D500A6A603 /* Products */;
			projectDirPath = "";
			projectRoot = "";
			targets = (
				E5D6BEFF1DF0F2D500A6A603 /* rigidbodysim */,
			);
		};
/* End PBXProject section */

/* Begin PBXSourcesBuildPhase section */
		E5D6BEFC1DF0F2D500A6A603 /* Sources */ = {
			isa = PBXSourcesBuildPhase;
			buildActionMask = 2147483647;
			files = (
				E5D6BF041DF0F2D500A6A603 /* main.cpp in Sources */,
				E563937D1E00A7C3007594AC /* UniformGrid.cpp in Sources */,
				E5D6BF111DF13FEB00A6A603 /* RigidBody.cpp in Sources */,
				E5FE5AA91DF3662400045DF6 /* RigidBodySimulation.cpp in Sources */,
				E5FE5AA61DF35F5D00045DF6 /* RigidBodySystem.cpp in Sources */,
				E518A3801E10AC81000B42F8 /* CollisionProcessor.cpp in Sources */,
			);
			runOnlyForDeploymentPostprocessing = 0;
		};
/* End PBXSourcesBuildPhase section */

/* Begin XCBuildConfiguration section */
		E5D6BF051DF0F2D500A6A603 /* Debug */ = {
			isa = XCBuildConfiguration;
			buildSettings = {
				ALWAYS_SEARCH_USER_PATHS = NO;
				CLANG_ANALYZER_NONNULL = YES;
				CLANG_CXX_LANGUAGE_STANDARD = "gnu++0x";
				CLANG_CXX_LIBRARY = "libc++";
				CLANG_ENABLE_MODULES = YES;
				CLANG_ENABLE_OBJC_ARC = YES;
				CLANG_WARN_BOOL_CONVERSION = YES;
				CLANG_WARN_CONSTANT_CONVERSION = YES;
				CLANG_WARN_DIRECT_OBJC_ISA_USAGE = YES_ERROR;
				CLANG_WARN_DOCUMENTATION_COMMENTS = YES;
				CLANG_WARN_EMPTY_BODY = YES;
				CLANG_WARN_ENUM_CONVERSION = YES;
				CLANG_WARN_INFINITE_RECURSION = YES;
				CLANG_WARN_INT_CONVERSION = YES;
				CLANG_WARN_OBJC_ROOT_CLASS = YES_ERROR;
				CLANG_WARN_SUSPICIOUS_MOVE = YES;
				CLANG_WARN_SUSPICIOUS_MOVES = YES;
				CLANG_WARN_UNREACHABLE_CODE = YES;
				CLANG_WARN__DUPLICATE_METHOD_MATCH = YES;
				CODE_SIGN_IDENTITY = "-";
				COPY_PHASE_STRIP = NO;
				DEBUG_INFORMATION_FORMAT = dwarf;
				ENABLE_STRICT_OBJC_MSGSEND = YES;
				ENABLE_TESTABILITY = YES;
				GCC_C_LANGUAGE_STANDARD = gnu99;
				GCC_DYNAMIC_NO_PIC = NO;
				GCC_NO_COMMON_BLOCKS = YES;
				GCC_OPTIMIZATION_LEVEL = 0;
				GCC_PREPROCESSOR_DEFINITIONS = (
					"DEBUG=1",
					"$(inherited)",
				);
				GCC_WARN_64_TO_32_BIT_CONVERSION = YES;
				GCC_WARN_ABOUT_RETURN_TYPE = YES_ERROR;
				GCC_WARN_UNDECLARED_SELECTOR = YES;
				GCC_WARN_UNINITIALIZED_AUTOS = YES_AGGRESSIVE;
				GCC_WARN_UNUSED_FUNCTION = YES;
				GCC_WARN_UNUSED_VARIABLE = YES;
				MACOSX_DEPLOYMENT_TARGET = 10.12;
				MTL_ENABLE_DEBUG_INFO = YES;
				ONLY_ACTIVE_ARCH = YES;
				SDKROOT = macosx;
			};
			name = Debug;
		};
		E5D6BF061DF0F2D500A6A603 /* Release */ = {
			isa = XCBuildConfiguration;
			buildSettings = {
				ALWAYS_SEARCH_USER_PATHS = NO;
				CLANG_ANALYZER_NONNULL = YES;
				CLANG_CXX_LANGUAGE_STANDARD = "gnu++0x";
				CLANG_CXX_LIBRARY = "libc++";
				CLANG_ENABLE_MODULES = YES;
				CLANG_ENABLE_OBJC_ARC = YES;
				CLANG_WARN_BOOL_CONVERSION = YES;
				CLANG_WARN_CONSTANT_CONVERSION = YES;
				CLANG_WARN_DIRECT_OBJC_ISA_USAGE = YES_ERROR;
				CLANG_WARN_DOCUMENTATION_COMMENTS = YES;
				CLANG_WARN_EMPTY_BODY = YES;
				CLANG_WARN_ENUM_CONVERSION = YES;
				CLANG_WARN_INFINITE_RECURSION = YES;
				CLANG_WARN_INT_CONVERSION = YES;
				CLANG_WARN_OBJC_ROOT_CLASS = YES_ERROR;
				CLANG_WARN_SUSPICIOUS_MOVE = YES;
				CLANG_WARN_SUSPICIOUS_MOVES = YES;
				CLANG_WARN_UNREACHABLE_CODE = YES;
				CLANG_WARN__DUPLICATE_METHOD_MATCH = YES;
				CODE_SIGN_IDENTITY = "-";
				COPY_PHASE_STRIP = NO;
				DEBUG_INFORMATION_FORMAT = "dwarf-with-dsym";
				ENABLE_NS_ASSERTIONS = NO;
				ENABLE_STRICT_OBJC_MSGSEND = YES;
				GCC_C_LANGUAGE_STANDARD = gnu99;
				GCC_NO_COMMON_BLOCKS = YES;
				GCC_WARN_64_TO_32_BIT_CONVERSION = YES;
				GCC_WARN_ABOUT_RETURN_TYPE = YES_ERROR;
				GCC_WARN_UNDECLARED_SELECTOR = YES;
				GCC_WARN_UNINITIALIZED_AUTOS = YES_AGGRESSIVE;
				GCC_WARN_UNUSED_FUNCTION = YES;
				GCC_WARN_UNUSED_VARIABLE = YES;
				MACOSX_DEPLOYMENT_TARGET = 10.12;
				MTL_ENABLE_DEBUG_INFO = NO;
				SDKROOT = macosx;
			};
			name = Release;
		};
		E5D6BF081DF0F2D500A6A603 /* Debug */ = {
			isa = XCBuildConfiguration;
			buildSettings = {
				FRAMEWORK_SEARCH_PATHS = (
					"$(inherited)",
					"$(LOCAL_LIBRARY_DIR)/Frameworks",
				);
				"HEADER_SEARCH_PATHS[arch=*]" = /usr/local/include;
				"LIBRARY_SEARCH_PATHS[arch=*]" = /usr/local/lib;
				PRODUCT_NAME = "$(TARGET_NAME)";
			};
			name = Debug;
		};
		E5D6BF091DF0F2D500A6A603 /* Release */ = {
			isa = XCBuildConfiguration;
			buildSettings = {
				FRAMEWORK_SEARCH_PATHS = (
					"$(inherited)",
					"$(LOCAL_LIBRARY_DIR)/Frameworks",
				);
				"HEADER_SEARCH_PATHS[arch=*]" = /usr/local/include;
				"LIBRARY_SEARCH_PATHS[arch=*]" = /usr/local/lib;
				PRODUCT_NAME = "$(TARGET_NAME)";
			};
			name = Release;
		};
/* End XCBuildConfiguration section */

/* Begin XCConfigurationList section */
		E5D6BEFB1DF0F2D500A6A603 /* Build configuration list for PBXProject "rigidbodysim" */ = {
			isa = XCConfigurationList;
			buildConfigurations = (
				E5D6BF051DF0F2D500A6A603 /* Debug */,
				E5D6BF061DF0F2D500A6A603 /* Release */,
			);
			defaultConfigurationIsVisible = 0;
			defaultConfigurationName = Release;
		};
		E5D6BF071DF0F2D500A6A603 /* Build configuration list for PBXNativeTarget "rigidbodysim" */ = {
			isa = XCConfigurationList;
			buildConfigurations = (
				E5D6BF081DF0F2D500A6A603 /* Debug */,
				E5D6BF091DF0F2D500A6A603 /* Release */,
			);
			defaultConfigurationIsVisible = 0;
			defaultConfigurationName = Release;
		};
/* End XCConfigurationList section */
	};
	rootObject = E5D6BEF81DF0F2D500A6A603 /* Project object */;
}
